
Microsoft Visual Studio Solution File, Format Version 11.00
# Visual Studio 2010
Project("{FAE04EC0-301F-11D3-BF4B-00C04F79EFBC}") = "Unity.XR.Interaction.Toolkit.Samples.StarterAssets", "Unity.XR.Interaction.Toolkit.Samples.StarterAssets.csproj", "{17217f52-acae-44a0-5fbd-86bbd85cd2ab}"
EndProject
Project("{FAE04EC0-301F-11D3-BF4B-00C04F79EFBC}") = "Assembly-CSharp", "Assembly-CSharp.csproj", "{13d218ba-80da-5a01-7385-7c0c7fda1e5d}"
EndProject
Project("{FAE04EC0-301F-11D3-BF4B-00C04F79EFBC}") = "Unity.XR.Interaction.Toolkit.Samples.DeviceSimulator", "Unity.XR.Interaction.Toolkit.Samples.DeviceSimulator.csproj", "{c2a34a59-16f7-cd3d-b6e4-c8f32763b273}"
EndProject
Project("{FAE04EC0-301F-11D3-BF4B-00C04F79EFBC}") = "Assembly-CSharp-Editor", "Assembly-CSharp-Editor.csproj", "{8a51fcd5-8848-deae-a6b2-1ec1ecd7f613}"
EndProject
Project("{FAE04EC0-301F-11D3-BF4B-00C04F79EFBC}") = "Unity.XR.Interaction.Toolkit.Samples.StarterAssets.Editor", "Unity.XR.Interaction.Toolkit.Samples.StarterAssets.Editor.csproj", "{67df9344-5c47-3f07-62cb-3f9be73246dc}"
EndProject
Global
	GlobalSection(SolutionConfigurationPlatforms) = preSolution
		Debug|Any CPU = Debug|Any CPU
	EndGlobalSection
	GlobalSection(ProjectConfigurationPlatforms) = postSolution
		{17217f52-acae-44a0-5fbd-86bbd85cd2ab}.Debug|Any CPU.ActiveCfg = Debug|Any CPU
		{17217f52-acae-44a0-5fbd-86bbd85cd2ab}.Debug|Any CPU.Build.0 = Debug|Any CPU
		{13d218ba-80da-5a01-7385-7c0c7fda1e5d}.Debug|Any CPU.ActiveCfg = Debug|Any CPU
		{13d218ba-80da-5a01-7385-7c0c7fda1e5d}.Debug|Any CPU.Build.0 = Debug|Any CPU
		{c2a34a59-16f7-cd3d-b6e4-c8f32763b273}.Debug|Any CPU.ActiveCfg = Debug|Any CPU
		{c2a34a59-16f7-cd3d-b6e4-c8f32763b273}.Debug|Any CPU.Build.0 = Debug|Any CPU
		{8a51fcd5-8848-deae-a6b2-1ec1ecd7f613}.Debug|Any CPU.ActiveCfg = Debug|Any CPU
		{8a51fcd5-8848-deae-a6b2-1ec1ecd7f613}.Debug|Any CPU.Build.0 = Debug|Any CPU
		{67df9344-5c47-3f07-62cb-3f9be73246dc}.Debug|Any CPU.ActiveCfg = Debug|Any CPU
		{67df9344-5c47-3f07-62cb-3f9be73246dc}.Debug|Any CPU.Build.0 = Debug|Any CPU
	EndGlobalSection
	GlobalSection(SolutionProperties) = preSolution
		HideSolutionNode = FALSE
	EndGlobalSection
EndGlobal
